
Microsoft Visual Studio Solution File, Format Version 12.00
# Visual Studio 15
VisualStudioVersion = 15.0.27004.2010
MinimumVisualStudioVersion = 10.0.40219.1
Project("{9A19103F-16F7-4668-BE54-9A1E7A4F7556}") = "VanillaReborn", "VanillaReborn\VanillaReborn.csproj", "{987E8B37-9A90-49D2-ABC3-CDED18D5DB5F}"
EndProject
Project("{9A19103F-16F7-4668-BE54-9A1E7A4F7556}") = "Frameworks", "Frameworks\Frameworks.csproj", "{7B860104-8ABE-4CFD-ADC6-91DBD3E6E7EC}"
EndProject
Global
	GlobalSection(SolutionConfigurationPlatforms) = preSolution
		Debug|Any CPU = Debug|Any CPU
		Release|Any CPU = Release|Any CPU
	EndGlobalSection
	GlobalSection(ProjectConfigurationPlatforms) = postSolution
		{987E8B37-9A90-49D2-ABC3-CDED18D5DB5F}.Debug|Any CPU.ActiveCfg = Debug|Any CPU
		{987E8B37-9A90-49D2-ABC3-CDED18D5DB5F}.Debug|Any CPU.Build.0 = Debug|Any CPU
		{987E8B37-9A90-49D2-ABC3-CDED18D5DB5F}.Release|Any CPU.ActiveCfg = Release|Any CPU
		{987E8B37-9A90-49D2-ABC3-CDED18D5DB5F}.Release|Any CPU.Build.0 = Release|Any CPU
		{7B860104-8ABE-4CFD-ADC6-91DBD3E6E7EC}.Debug|Any CPU.ActiveCfg = Debug|Any CPU
		{7B860104-8ABE-4CFD-ADC6-91DBD3E6E7EC}.Debug|Any CPU.Build.0 = Debug|Any CPU
		{7B860104-8ABE-4CFD-ADC6-91DBD3E6E7EC}.Release|Any CPU.ActiveCfg = Release|Any CPU
		{7B860104-8ABE-4CFD-ADC6-91DBD3E6E7EC}.Release|Any CPU.Build.0 = Release|Any CPU
	EndGlobalSection
	GlobalSection(SolutionProperties) = preSolution
		HideSolutionNode = FALSE
	EndGlobalSection
	GlobalSection(ExtensibilityGlobals) = postSolution
		SolutionGuid = {58E80D74-7FC6-40C6-818D-D4719D5ACAB8}
	EndGlobalSection
EndGlobal
